
Microsoft Visual Studio Solution File, Format Version 12.00
# Visual Studio Version 17
VisualStudioVersion = 17.2.32519.379
MinimumVisualStudioVersion = 10.0.40219.1
Project("{FAE04EC0-301F-11D3-BF4B-00C04F79EFBC}") = "ABCHardware-YoungjaeLee", "ABCHardware-YoungjaeLee\ABCHardware-YoungjaeLee.csproj", "{996D454C-286B-45D2-8A78-0927070D6FD3}"
EndProject
Global
	GlobalSection(SolutionConfigurationPlatforms) = preSolution
		Debug|Any CPU = Debug|Any CPU
		Release|Any CPU = Release|Any CPU
	EndGlobalSection
	GlobalSection(ProjectConfigurationPlatforms) = postSolution
		{996D454C-286B-45D2-8A78-0927070D6FD3}.Debug|Any CPU.ActiveCfg = Debug|Any CPU
		{996D454C-286B-45D2-8A78-0927070D6FD3}.Debug|Any CPU.Build.0 = Debug|Any CPU
		{996D454C-286B-45D2-8A78-0927070D6FD3}.Release|Any CPU.ActiveCfg = Release|Any CPU
		{996D454C-286B-45D2-8A78-0927070D6FD3}.Release|Any CPU.Build.0 = Release|Any CPU
	EndGlobalSection
	GlobalSection(SolutionProperties) = preSolution
		HideSolutionNode = FALSE
	EndGlobalSection
	GlobalSection(ExtensibilityGlobals) = postSolution
		SolutionGuid = {17D8493C-A2E2-4F85-A7F1-10A22F6904DC}
	EndGlobalSection
EndGlobal
